<?xml version="1.0" encoding="utf-8"?>
<Project ToolsVersion="4.0" xmlns="http://schemas.microsoft.com/developer/msbuild/2003">
  <ItemGroup>
    <Filter Include="Source Files">
      <UniqueIdentifier>{4FC737F1-C7A5-4376-A066-2A32D752A2FF}</UniqueIdentifier>
      <Extensions>cpp;c;cc;cxx;def;odl;idl;hpj;bat;asm;asmx</Extensions>
    </Filter>
    <Filter Include="Header Files">
      <UniqueIdentifier>{93995380-89BD-4b04-88EB-625FBE52EBFB}</UniqueIdentifier>
      <Extensions>h;hh;hpp;hxx;hm;inl;inc;xsd</Extensions>
    </Filter>
    <Filter Include="Resource Files">
      <UniqueIdentifier>{67DA6AB6-F800-4c08-8B7A-83BB121AAD01}</UniqueIdentifier>
      <Extensions>rc;ico;cur;bmp;dlg;rc2;rct;bin;rgs;gif;jpg;jpeg;jpe;resx;tiff;tif;png;wav;mfcribbon-ms</Extensions>
    </Filter>
    <Filter Include="Header Files\Options">
      <UniqueIdentifier>{39a62069-c154-47aa-b779-4d60b89b332e}</UniqueIdentifier>
    </Filter>
    <Filter Include="Source Files\Options">
      <UniqueIdentifier>{2f2e9604-3f94-42d1-8068-0c2f5882a7e2}</UniqueIdentifier>
    </Filter>
    <Filter Include="Header Files\Process">
      <UniqueIdentifier>{204243a7-6017-45fc-a319-4ff16a91beba}</UniqueIdentifier>
    </Filter>
    <Filter Include="Source Files\Process">
      <UniqueIdentifier>{367af1d2-9554-4548-9bb5-7a2b469c7b55}</UniqueIdentifier>
    </Filter>
    <Filter Include="Header Files\WebServices">
      <UniqueIdentifier>{08013529-982c-4a42-813e-02f4c4e94d74}</UniqueIdentifier>
    </Filter>
    <Filter Include="Source Files\WebServices">
      <UniqueIdentifier>{1a4dc3aa-9f03-46f9-94a9-21314fcde9b8}</UniqueIdentifier>
    </Filter>
    <Filter Include="Header Files\Controller">
      <UniqueIdentifier>{976ef05a-1d83-4f1f-aa32-4575d0f066fd}</UniqueIdentifier>
    </Filter>
    <Filter Include="Source Files\Controller">
      <UniqueIdentifier>{e9e4fd14-1f97-4792-96c4-c925df90208a}</UniqueIdentifier>
    </Filter>
  </ItemGroup>
  <ItemGroup>
    <Text Include="ReadMe.txt" />
  </ItemGroup>
  <ItemGroup>
    <ClInclude Include="stdafx.h">
      <Filter>Header Files</Filter>
    </ClInclude>
    <ClInclude Include="targetver.h">
      <Filter>Header Files</Filter>
    </ClInclude>
    <ClInclude Include="Resource.h">
      <Filter>Header Files</Filter>
    </ClInclude>
    <ClInclude Include="Main.h">
      <Filter>Header Files</Filter>
    </ClInclude>
    <ClInclude Include="Process\ProcessBase.h">
      <Filter>Header Files\Process</Filter>
    </ClInclude>
    <ClInclude Include="Options\Option.h">
      <Filter>Header Files\Options</Filter>
    </ClInclude>
    <ClInclude Include="Options\IConfigScheme.h">
      <Filter>Header Files\Options</Filter>
    </ClInclude>
    <ClInclude Include="Options\IOptionsStorage.h">
      <Filter>Header Files\Options</Filter>
    </ClInclude>
    <ClInclude Include="Options\IFormatter.h">
      <Filter>Header Files\Options</Filter>
    </ClInclude>
    <ClInclude Include="Options\OptionsStorage.h">
      <Filter>Header Files\Options</Filter>
    </ClInclude>
    <ClInclude Include="Options\AbstractCollection.h">
      <Filter>Header Files\Options</Filter>
    </ClInclude>
    <ClInclude Include="Options\ConfigScheme.h">
      <Filter>Header Files\Options</Filter>
    </ClInclude>
    <ClInclude Include="Process\ProcessConfiguration.h">
      <Filter>Header Files\Process</Filter>
    </ClInclude>
    <ClInclude Include="ControllerWebSvc.h">
      <Filter>Header Files</Filter>
    </ClInclude>
    <ClInclude Include="Process\IProcess.h">
      <Filter>Header Files\Process</Filter>
    </ClInclude>
    <ClInclude Include="WebServices\ControllerAPIWebService.h">
      <Filter>Header Files\WebServices</Filter>
    </ClInclude>
    <ClInclude Include="WebServices\ResourceParser.h">
      <Filter>Header Files\WebServices</Filter>
    </ClInclude>
    <ClInclude Include="Controller\Controller.h">
      <Filter>Header Files\Controller</Filter>
    </ClInclude>
    <ClInclude Include="Process\ProcessErrors.h">
      <Filter>Header Files\Process</Filter>
    </ClInclude>
    <ClInclude Include="Controller\ControllerErrors.h">
      <Filter>Header Files\Controller</Filter>
    </ClInclude>
    <ClInclude Include="Controller\ControllerActions.h">
      <Filter>Header Files\Controller</Filter>
    </ClInclude>
    <ClInclude Include="Options\DefaultFormatter.h">
      <Filter>Header Files\Options</Filter>
    </ClInclude>
    <ClInclude Include="Options\ISubstitutor.h">
      <Filter>Header Files\Options</Filter>
    </ClInclude>
    <ClInclude Include="Error.h">
      <Filter>Header Files</Filter>
    </ClInclude>
    <ClInclude Include="Options\OptionErrors.h">
      <Filter>Header Files\Options</Filter>
    </ClInclude>
    <ClInclude Include="Controller\Presets.h">
      <Filter>Header Files\Controller</Filter>
    </ClInclude>
  </ItemGroup>
  <ItemGroup>
    <ClCompile Include="stdafx.cpp">
      <Filter>Source Files</Filter>
    </ClCompile>
    <ClCompile Include="Main.cpp">
      <Filter>Source Files</Filter>
    </ClCompile>
    <ClCompile Include="Process\ProcessBase.cpp">
      <Filter>Source Files\Process</Filter>
    </ClCompile>
    <ClCompile Include="Options\Option.cpp">
      <Filter>Source Files\Options</Filter>
    </ClCompile>
    <ClCompile Include="Options\OptionsStorage.cpp">
      <Filter>Source Files\Options</Filter>
    </ClCompile>
    <ClCompile Include="Options\ConfigScheme.cpp">
      <Filter>Source Files\Options</Filter>
    </ClCompile>
    <ClCompile Include="Process\ProcessConfiguration.cpp">
      <Filter>Source Files\Process</Filter>
    </ClCompile>
    <ClCompile Include="ControllerWebSvc.cpp">
      <Filter>Source Files</Filter>
    </ClCompile>
    <ClCompile Include="WebServices\ControllerAPIWebService.cpp">
      <Filter>Source Files\WebServices</Filter>
    </ClCompile>
    <ClCompile Include="WebServices\ResourceParser.cpp">
      <Filter>Source Files\WebServices</Filter>
    </ClCompile>
    <ClCompile Include="Controller\Controller.cpp">
      <Filter>Source Files\Controller</Filter>
    </ClCompile>
    <ClCompile Include="Process\ProcessErrors.cpp">
      <Filter>Source Files\Process</Filter>
    </ClCompile>
    <ClCompile Include="Controller\ControllerErrors.cpp">
      <Filter>Source Files\Controller</Filter>
    </ClCompile>
    <ClCompile Include="Controller\ControllerActions.cpp">
      <Filter>Source Files\Controller</Filter>
    </ClCompile>
    <ClCompile Include="Options\DefaultFormatter.cpp">
      <Filter>Source Files\Options</Filter>
    </ClCompile>
    <ClCompile Include="Error.cpp">
      <Filter>Source Files</Filter>
    </ClCompile>
    <ClCompile Include="Options\OptionErrors.cpp">
      <Filter>Source Files\Options</Filter>
    </ClCompile>
    <ClCompile Include="Controller\Presets.cpp">
      <Filter>Source Files\Controller</Filter>
    </ClCompile>
  </ItemGroup>
  <ItemGroup>
    <ResourceCompile Include="TorController.rc">
      <Filter>Resource Files</Filter>
    </ResourceCompile>
  </ItemGroup>
  <ItemGroup>
    <Image Include="small.ico">
      <Filter>Resource Files</Filter>
    </Image>
    <Image Include="TorController.ico">
      <Filter>Resource Files</Filter>
    </Image>
  </ItemGroup>
</Project>